
Microsoft Visual Studio Solution File, Format Version 12.00
# Visual Studio Version 17
VisualStudioVersion = 17.4.33103.184
MinimumVisualStudioVersion = 10.0.40219.1
Project("{FAE04EC0-301F-11D3-BF4B-00C04F79EFBC}") = "Health_Clinic_Database_First", "Health_Clinic_Database_First.csproj", "{972072FC-FDBF-4F3F-8D32-4E0BABD82742}"
EndProject
Global
	GlobalSection(SolutionConfigurationPlatforms) = preSolution
		Debug|Any CPU = Debug|Any CPU
		Release|Any CPU = Release|Any CPU
	EndGlobalSection
	GlobalSection(ProjectConfigurationPlatforms) = postSolution
		{972072FC-FDBF-4F3F-8D32-4E0BABD82742}.Debug|Any CPU.ActiveCfg = Debug|Any CPU
		{972072FC-FDBF-4F3F-8D32-4E0BABD82742}.Debug|Any CPU.Build.0 = Debug|Any CPU
		{972072FC-FDBF-4F3F-8D32-4E0BABD82742}.Release|Any CPU.ActiveCfg = Release|Any CPU
		{972072FC-FDBF-4F3F-8D32-4E0BABD82742}.Release|Any CPU.Build.0 = Release|Any CPU
	EndGlobalSection
	GlobalSection(SolutionProperties) = preSolution
		HideSolutionNode = FALSE
	EndGlobalSection
	GlobalSection(ExtensibilityGlobals) = postSolution
		SolutionGuid = {9E6D4510-F37D-4248-9153-2CDE32C38823}
	EndGlobalSection
EndGlobal
